
Microsoft Visual Studio Solution File, Format Version 12.00
# Visual Studio Version 16
VisualStudioVersion = 16.0.29503.13
MinimumVisualStudioVersion = 10.0.40219.1
Project("{FAE04EC0-301F-11D3-BF4B-00C04F79EFBC}") = "OfficeJSTest", "OfficeJSTest\OfficeJSTest.csproj", "{A96380A6-5AA6-4ED0-96AF-53F66F5A90C0}"
EndProject
Project("{FAE04EC0-301F-11D3-BF4B-00C04F79EFBC}") = "OfficeJSTestWeb", "OfficeJSTestWeb\OfficeJSTestWeb.csproj", "{867EFAD7-0724-4839-858F-4699B88A8C68}"
EndProject
Global
	GlobalSection(SolutionConfigurationPlatforms) = preSolution
		Debug|Any CPU = Debug|Any CPU
		Release|Any CPU = Release|Any CPU
	EndGlobalSection
	GlobalSection(ProjectConfigurationPlatforms) = postSolution
		{A96380A6-5AA6-4ED0-96AF-53F66F5A90C0}.Debug|Any CPU.ActiveCfg = Debug|Any CPU
		{A96380A6-5AA6-4ED0-96AF-53F66F5A90C0}.Debug|Any CPU.Build.0 = Debug|Any CPU
		{A96380A6-5AA6-4ED0-96AF-53F66F5A90C0}.Debug|Any CPU.Deploy.0 = Debug|Any CPU
		{A96380A6-5AA6-4ED0-96AF-53F66F5A90C0}.Release|Any CPU.ActiveCfg = Release|Any CPU
		{A96380A6-5AA6-4ED0-96AF-53F66F5A90C0}.Release|Any CPU.Build.0 = Release|Any CPU
		{A96380A6-5AA6-4ED0-96AF-53F66F5A90C0}.Release|Any CPU.Deploy.0 = Release|Any CPU
		{867EFAD7-0724-4839-858F-4699B88A8C68}.Debug|Any CPU.ActiveCfg = Debug|Any CPU
		{867EFAD7-0724-4839-858F-4699B88A8C68}.Debug|Any CPU.Build.0 = Debug|Any CPU
		{867EFAD7-0724-4839-858F-4699B88A8C68}.Release|Any CPU.ActiveCfg = Release|Any CPU
		{867EFAD7-0724-4839-858F-4699B88A8C68}.Release|Any CPU.Build.0 = Release|Any CPU
	EndGlobalSection
	GlobalSection(SolutionProperties) = preSolution
		HideSolutionNode = FALSE
	EndGlobalSection
	GlobalSection(ExtensibilityGlobals) = postSolution
		SolutionGuid = {EBCC115E-6FD4-427B-8256-B11120CD2405}
	EndGlobalSection
EndGlobal
